
Microsoft Visual Studio Solution File, Format Version 12.00
# Visual Studio Version 17
VisualStudioVersion = 17.9.34701.34
MinimumVisualStudioVersion = 10.0.40219.1
Project("{FAE04EC0-301F-11D3-BF4B-00C04F79EFBC}") = "DemoProjectAPI1", "DemoProjectAPI1\DemoProjectAPI1.csproj", "{3787E377-009B-4A3B-B6EC-6713E445FDA8}"
EndProject
Project("{FAE04EC0-301F-11D3-BF4B-00C04F79EFBC}") = "IRepositroy", "IRepositroy\IRepositroy.csproj", "{7B4097CF-44AE-4D54-AD92-12B6785F1813}"
EndProject
Project("{FAE04EC0-301F-11D3-BF4B-00C04F79EFBC}") = "DAL", "DAL\DAL.csproj", "{1BCDBB8A-DD1E-4F7D-9AC7-22E8FB313792}"
EndProject
Project("{FAE04EC0-301F-11D3-BF4B-00C04F79EFBC}") = "Services", "Services\Services.csproj", "{9E7FF796-EBB5-4037-9A7D-9370CDFFF4D7}"
EndProject
Project("{FAE04EC0-301F-11D3-BF4B-00C04F79EFBC}") = "Model", "Model\Model.csproj", "{A866F5C9-1382-45B5-8369-1742C30982B7}"
EndProject
Global
	GlobalSection(SolutionConfigurationPlatforms) = preSolution
		Debug|Any CPU = Debug|Any CPU
		Release|Any CPU = Release|Any CPU
	EndGlobalSection
	GlobalSection(ProjectConfigurationPlatforms) = postSolution
		{3787E377-009B-4A3B-B6EC-6713E445FDA8}.Debug|Any CPU.ActiveCfg = Debug|Any CPU
		{3787E377-009B-4A3B-B6EC-6713E445FDA8}.Debug|Any CPU.Build.0 = Debug|Any CPU
		{3787E377-009B-4A3B-B6EC-6713E445FDA8}.Release|Any CPU.ActiveCfg = Release|Any CPU
		{3787E377-009B-4A3B-B6EC-6713E445FDA8}.Release|Any CPU.Build.0 = Release|Any CPU
		{7B4097CF-44AE-4D54-AD92-12B6785F1813}.Debug|Any CPU.ActiveCfg = Debug|Any CPU
		{7B4097CF-44AE-4D54-AD92-12B6785F1813}.Debug|Any CPU.Build.0 = Debug|Any CPU
		{7B4097CF-44AE-4D54-AD92-12B6785F1813}.Release|Any CPU.ActiveCfg = Release|Any CPU
		{7B4097CF-44AE-4D54-AD92-12B6785F1813}.Release|Any CPU.Build.0 = Release|Any CPU
		{1BCDBB8A-DD1E-4F7D-9AC7-22E8FB313792}.Debug|Any CPU.ActiveCfg = Debug|Any CPU
		{1BCDBB8A-DD1E-4F7D-9AC7-22E8FB313792}.Debug|Any CPU.Build.0 = Debug|Any CPU
		{1BCDBB8A-DD1E-4F7D-9AC7-22E8FB313792}.Release|Any CPU.ActiveCfg = Release|Any CPU
		{1BCDBB8A-DD1E-4F7D-9AC7-22E8FB313792}.Release|Any CPU.Build.0 = Release|Any CPU
		{9E7FF796-EBB5-4037-9A7D-9370CDFFF4D7}.Debug|Any CPU.ActiveCfg = Debug|Any CPU
		{9E7FF796-EBB5-4037-9A7D-9370CDFFF4D7}.Debug|Any CPU.Build.0 = Debug|Any CPU
		{9E7FF796-EBB5-4037-9A7D-9370CDFFF4D7}.Release|Any CPU.ActiveCfg = Release|Any CPU
		{9E7FF796-EBB5-4037-9A7D-9370CDFFF4D7}.Release|Any CPU.Build.0 = Release|Any CPU
		{A866F5C9-1382-45B5-8369-1742C30982B7}.Debug|Any CPU.ActiveCfg = Debug|Any CPU
		{A866F5C9-1382-45B5-8369-1742C30982B7}.Debug|Any CPU.Build.0 = Debug|Any CPU
		{A866F5C9-1382-45B5-8369-1742C30982B7}.Release|Any CPU.ActiveCfg = Release|Any CPU
		{A866F5C9-1382-45B5-8369-1742C30982B7}.Release|Any CPU.Build.0 = Release|Any CPU
	EndGlobalSection
	GlobalSection(SolutionProperties) = preSolution
		HideSolutionNode = FALSE
	EndGlobalSection
	GlobalSection(ExtensibilityGlobals) = postSolution
		SolutionGuid = {937136E2-2AEF-411C-8199-CEFB06B0077C}
	EndGlobalSection
EndGlobal
